<?xml version="1.0" encoding="utf-8"?>
<Project ToolsVersion="4.0" xmlns="http://schemas.microsoft.com/developer/msbuild/2003">
  <ItemGroup>
    <Filter Include="Source Files">
      <UniqueIdentifier>{4FC737F1-C7A5-4376-A066-2A32D752A2FF}</UniqueIdentifier>
      <Extensions>cpp;c;cc;cxx;def;odl;idl;hpj;bat;asm;asmx</Extensions>
    </Filter>
    <Filter Include="Header Files">
      <UniqueIdentifier>{93995380-89BD-4b04-88EB-625FBE52EBFB}</UniqueIdentifier>
      <Extensions>h;hpp;hxx;hm;inl;inc;xsd</Extensions>
    </Filter>
  </ItemGroup>
  <ItemGroup>
    <ClInclude Include="myopts.h">
      <Filter>Header Files</Filter>
    </ClInclude>
    <ClInclude Include="myutils.h">
      <Filter>Header Files</Filter>
    </ClInclude>
    <ClInclude Include="seqdb.h">
      <Filter>Header Files</Filter>
    </ClInclude>
    <ClInclude Include="fastaseqsource.h">
      <Filter>Header Files</Filter>
    </ClInclude>
    <ClInclude Include="fastqseqsource.h">
      <Filter>Header Files</Filter>
    </ClInclude>
    <ClInclude Include="seqsource.h">
      <Filter>Header Files</Filter>
    </ClInclude>
    <ClInclude Include="seqinfo.h">
      <Filter>Header Files</Filter>
    </ClInclude>
    <ClInclude Include="objmgr.h">
      <Filter>Header Files</Filter>
    </ClInclude>
    <ClInclude Include="fastq.h">
      <Filter>Header Files</Filter>
    </ClInclude>
    <ClInclude Include="alpha.h">
      <Filter>Header Files</Filter>
    </ClInclude>
    <ClInclude Include="obj.h">
      <Filter>Header Files</Filter>
    </ClInclude>
    <ClInclude Include="lockobj.h">
      <Filter>Header Files</Filter>
    </ClInclude>
    <ClInclude Include="fileseqsource.h">
      <Filter>Header Files</Filter>
    </ClInclude>
    <ClInclude Include="linereader.h">
      <Filter>Header Files</Filter>
    </ClInclude>
    <ClInclude Include="syncmerindex.h">
      <Filter>Header Files</Filter>
    </ClInclude>
    <ClInclude Include="jenkinshash.h">
      <Filter>Header Files</Filter>
    </ClInclude>
    <ClInclude Include="cmds.h">
      <Filter>Header Files</Filter>
    </ClInclude>
    <ClInclude Include="randseq.h">
      <Filter>Header Files</Filter>
    </ClInclude>
    <ClInclude Include="murmur.h">
      <Filter>Header Files</Filter>
    </ClInclude>
    <ClInclude Include="kmer.h">
      <Filter>Header Files</Filter>
    </ClInclude>
    <ClInclude Include="stypes.h">
      <Filter>Header Files</Filter>
    </ClInclude>
    <ClInclude Include="searchsix.h">
      <Filter>Header Files</Filter>
    </ClInclude>
    <ClInclude Include="speciesindex.h">
      <Filter>Header Files</Filter>
    </ClInclude>
    <ClInclude Include="primes.h">
      <Filter>Header Files</Filter>
    </ClInclude>
    <ClInclude Include="cigar.h">
      <Filter>Header Files</Filter>
    </ClInclude>
    <ClInclude Include="quarts.h">
      <Filter>Header Files</Filter>
    </ClInclude>
    <ClInclude Include="spindex.h">
      <Filter>Header Files</Filter>
    </ClInclude>
    <ClInclude Include="syncmerindex2.h">
      <Filter>Header Files</Filter>
    </ClInclude>
  </ItemGroup>
  <ItemGroup>
    <ClCompile Include="syncmer_main.cpp">
      <Filter>Source Files</Filter>
    </ClCompile>
    <ClCompile Include="myutils.cpp">
      <Filter>Source Files</Filter>
    </ClCompile>
    <ClCompile Include="seqdb.cpp">
      <Filter>Source Files</Filter>
    </ClCompile>
    <ClCompile Include="fastaseqsource.cpp">
      <Filter>Source Files</Filter>
    </ClCompile>
    <ClCompile Include="fastqseqsource.cpp">
      <Filter>Source Files</Filter>
    </ClCompile>
    <ClCompile Include="seqsource.cpp">
      <Filter>Source Files</Filter>
    </ClCompile>
    <ClCompile Include="seqinfo.cpp">
      <Filter>Source Files</Filter>
    </ClCompile>
    <ClCompile Include="objmgr.cpp">
      <Filter>Source Files</Filter>
    </ClCompile>
    <ClCompile Include="fastq.cpp">
      <Filter>Source Files</Filter>
    </ClCompile>
    <ClCompile Include="alpha.cpp">
      <Filter>Source Files</Filter>
    </ClCompile>
    <ClCompile Include="lockobj.cpp">
      <Filter>Source Files</Filter>
    </ClCompile>
    <ClCompile Include="fileseqsource.cpp">
      <Filter>Source Files</Filter>
    </ClCompile>
    <ClCompile Include="linereader.cpp">
      <Filter>Source Files</Filter>
    </ClCompile>
    <ClCompile Include="filetype.cpp">
      <Filter>Source Files</Filter>
    </ClCompile>
    <ClCompile Include="syncmerindex.cpp">
      <Filter>Source Files</Filter>
    </ClCompile>
    <ClCompile Include="test.cpp">
      <Filter>Source Files</Filter>
    </ClCompile>
    <ClCompile Include="randseq.cpp">
      <Filter>Source Files</Filter>
    </ClCompile>
    <ClCompile Include="bench.cpp">
      <Filter>Source Files</Filter>
    </ClCompile>
    <ClCompile Include="equiv.cpp">
      <Filter>Source Files</Filter>
    </ClCompile>
    <ClCompile Include="kmer.cpp">
      <Filter>Source Files</Filter>
    </ClCompile>
    <ClCompile Include="spacing.cpp">
      <Filter>Source Files</Filter>
    </ClCompile>
    <ClCompile Include="testsubmers.cpp">
      <Filter>Source Files</Filter>
    </ClCompile>
    <ClCompile Include="testminimizers.cpp">
      <Filter>Source Files</Filter>
    </ClCompile>
    <ClCompile Include="spacings.cpp">
      <Filter>Source Files</Filter>
    </ClCompile>
    <ClCompile Include="testdist.cpp">
      <Filter>Source Files</Filter>
    </ClCompile>
    <ClCompile Include="pair.cpp">
      <Filter>Source Files</Filter>
    </ClCompile>
    <ClCompile Include="seqdbfromfasta.cpp">
      <Filter>Source Files</Filter>
    </ClCompile>
    <ClCompile Include="wga.cpp">
      <Filter>Source Files</Filter>
    </ClCompile>
    <ClCompile Include="searchsix.cpp">
      <Filter>Source Files</Filter>
    </ClCompile>
    <ClCompile Include="hashtable.cpp">
      <Filter>Source Files</Filter>
    </ClCompile>
    <ClCompile Include="depthdist.cpp">
      <Filter>Source Files</Filter>
    </ClCompile>
    <ClCompile Include="cov1fract.cpp">
      <Filter>Source Files</Filter>
    </ClCompile>
    <ClCompile Include="bench2.cpp">
      <Filter>Source Files</Filter>
    </ClCompile>
    <ClCompile Include="bench1.cpp">
      <Filter>Source Files</Filter>
    </ClCompile>
    <ClCompile Include="speciesindex.cpp">
      <Filter>Source Files</Filter>
    </ClCompile>
    <ClCompile Include="speciessearch.cpp">
      <Filter>Source Files</Filter>
    </ClCompile>
    <ClCompile Include="prime.cpp">
      <Filter>Source Files</Filter>
    </ClCompile>
    <ClCompile Include="speciesalign.cpp">
      <Filter>Source Files</Filter>
    </ClCompile>
    <ClCompile Include="paf2aln.cpp">
      <Filter>Source Files</Filter>
    </ClCompile>
    <ClCompile Include="cigar.cpp">
      <Filter>Source Files</Filter>
    </ClCompile>
    <ClCompile Include="paf2features.cpp">
      <Filter>Source Files</Filter>
    </ClCompile>
    <ClCompile Include="mum2breaks.cpp">
      <Filter>Source Files</Filter>
    </ClCompile>
    <ClCompile Include="quarts.cpp">
      <Filter>Source Files</Filter>
    </ClCompile>
    <ClCompile Include="makespindex.cpp">
      <Filter>Source Files</Filter>
    </ClCompile>
    <ClCompile Include="spindex.cpp">
      <Filter>Source Files</Filter>
    </ClCompile>
    <ClCompile Include="compress.cpp">
      <Filter>Source Files</Filter>
    </ClCompile>
    <ClCompile Include="syncmerindex2.cpp">
      <Filter>Source Files</Filter>
    </ClCompile>
    <ClCompile Include="newbench.cpp">
      <Filter>Source Files</Filter>
    </ClCompile>
    <ClCompile Include="dict.cpp">
      <Filter>Source Files</Filter>
    </ClCompile>
  </ItemGroup>
</Project>